
Microsoft Visual Studio Solution File, Format Version 12.00
# Visual Studio Version 16
VisualStudioVersion = 16.0.31729.503
MinimumVisualStudioVersion = 10.0.40219.1
Project("{9A19103F-16F7-4668-BE54-9A1E7A4F7556}") = "Security.Infraestructure", "Security.Infraestructure\Security.Infraestructure.csproj", "{30164BA9-6E7D-4BC5-82FB-983F077AF4B2}"
EndProject
Project("{9A19103F-16F7-4668-BE54-9A1E7A4F7556}") = "Security.Application", "Security.Application\Security.Application.csproj", "{BB7CB6F8-8ADC-4E31-82B2-77A7C64B207B}"
EndProject
Project("{9A19103F-16F7-4668-BE54-9A1E7A4F7556}") = "Security.Common", "Security.Common\Security.Common.csproj", "{5C5658BF-D43B-4254-A1D4-E721F70FA92C}"
EndProject
Project("{9A19103F-16F7-4668-BE54-9A1E7A4F7556}") = "Security.Model", "Security.Model\Security.Model.csproj", "{C4531AC5-BCFC-4D8C-A281-2AA6B933E077}"
EndProject
Project("{9A19103F-16F7-4668-BE54-9A1E7A4F7556}") = "Security.Api", "SecurityApi\Security.Api.csproj", "{97A0F7C5-FC55-4F35-9F23-1B8BB4FCDF2E}"
EndProject
Global
	GlobalSection(SolutionConfigurationPlatforms) = preSolution
		Debug|Any CPU = Debug|Any CPU
		Release|Any CPU = Release|Any CPU
	EndGlobalSection
	GlobalSection(ProjectConfigurationPlatforms) = postSolution
		{30164BA9-6E7D-4BC5-82FB-983F077AF4B2}.Debug|Any CPU.ActiveCfg = Debug|Any CPU
		{30164BA9-6E7D-4BC5-82FB-983F077AF4B2}.Debug|Any CPU.Build.0 = Debug|Any CPU
		{30164BA9-6E7D-4BC5-82FB-983F077AF4B2}.Release|Any CPU.ActiveCfg = Release|Any CPU
		{30164BA9-6E7D-4BC5-82FB-983F077AF4B2}.Release|Any CPU.Build.0 = Release|Any CPU
		{BB7CB6F8-8ADC-4E31-82B2-77A7C64B207B}.Debug|Any CPU.ActiveCfg = Debug|Any CPU
		{BB7CB6F8-8ADC-4E31-82B2-77A7C64B207B}.Debug|Any CPU.Build.0 = Debug|Any CPU
		{BB7CB6F8-8ADC-4E31-82B2-77A7C64B207B}.Release|Any CPU.ActiveCfg = Release|Any CPU
		{BB7CB6F8-8ADC-4E31-82B2-77A7C64B207B}.Release|Any CPU.Build.0 = Release|Any CPU
		{5C5658BF-D43B-4254-A1D4-E721F70FA92C}.Debug|Any CPU.ActiveCfg = Debug|Any CPU
		{5C5658BF-D43B-4254-A1D4-E721F70FA92C}.Debug|Any CPU.Build.0 = Debug|Any CPU
		{5C5658BF-D43B-4254-A1D4-E721F70FA92C}.Release|Any CPU.ActiveCfg = Release|Any CPU
		{5C5658BF-D43B-4254-A1D4-E721F70FA92C}.Release|Any CPU.Build.0 = Release|Any CPU
		{C4531AC5-BCFC-4D8C-A281-2AA6B933E077}.Debug|Any CPU.ActiveCfg = Debug|Any CPU
		{C4531AC5-BCFC-4D8C-A281-2AA6B933E077}.Debug|Any CPU.Build.0 = Debug|Any CPU
		{C4531AC5-BCFC-4D8C-A281-2AA6B933E077}.Release|Any CPU.ActiveCfg = Release|Any CPU
		{C4531AC5-BCFC-4D8C-A281-2AA6B933E077}.Release|Any CPU.Build.0 = Release|Any CPU
		{97A0F7C5-FC55-4F35-9F23-1B8BB4FCDF2E}.Debug|Any CPU.ActiveCfg = Debug|Any CPU
		{97A0F7C5-FC55-4F35-9F23-1B8BB4FCDF2E}.Debug|Any CPU.Build.0 = Debug|Any CPU
		{97A0F7C5-FC55-4F35-9F23-1B8BB4FCDF2E}.Release|Any CPU.ActiveCfg = Release|Any CPU
		{97A0F7C5-FC55-4F35-9F23-1B8BB4FCDF2E}.Release|Any CPU.Build.0 = Release|Any CPU
	EndGlobalSection
	GlobalSection(SolutionProperties) = preSolution
		HideSolutionNode = FALSE
	EndGlobalSection
	GlobalSection(ExtensibilityGlobals) = postSolution
		SolutionGuid = {2D00FF56-205C-43B2-A954-3FB86C933EE9}
	EndGlobalSection
EndGlobal
